// !$*UTF8*$!
{
	archiveVersion = 1;
	classes = {
	};
	objectVersion = 46;
	objects = {

/* Begin PBXBuildFile section */
		931C5BC91BCCA56C00746712 /* friendship-spreadsheet.json in Resources */ = {isa = PBXBuildFile; fileRef = 931C5BC81BCCA56C00746712 /* friendship-spreadsheet.json */; };
		93449D8B1BE995C400081F5E /* ListViewController.swift in Sources */ = {isa = PBXBuildFile; fileRef = 93449D8A1BE995C400081F5E /* ListViewController.swift */; };
		93449D8D1BE995EE00081F5E /* GraphViewController.swift in Sources */ = {isa = PBXBuildFile; fileRef = 93449D8C1BE995EE00081F5E /* GraphViewController.swift */; };
		93449D8F1BE9971600081F5E /* GraphScene.sks in Resources */ = {isa = PBXBuildFile; fileRef = 93449D8E1BE9971600081F5E /* GraphScene.sks */; };
		93449D911BE997EE00081F5E /* GraphScene.swift in Sources */ = {isa = PBXBuildFile; fileRef = 93449D901BE997EE00081F5E /* GraphScene.swift */; };
		93AAB25D1BCC532E00337E6C /* AppDelegate.swift in Sources */ = {isa = PBXBuildFile; fileRef = 93AAB25C1BCC532E00337E6C /* AppDelegate.swift */; };
		93AAB2621BCC532E00337E6C /* Main.storyboard in Resources */ = {isa = PBXBuildFile; fileRef = 93AAB2601BCC532E00337E6C /* Main.storyboard */; };
		93AAB2641BCC532E00337E6C /* Assets.xcassets in Resources */ = {isa = PBXBuildFile; fileRef = 93AAB2631BCC532E00337E6C /* Assets.xcassets */; };
		93AAB2671BCC532E00337E6C /* LaunchScreen.storyboard in Resources */ = {isa = PBXBuildFile; fileRef = 93AAB2651BCC532E00337E6C /* LaunchScreen.storyboard */; };
		93AAB2711BCC61BE00337E6C /* FriendshipTableViewCell.swift in Sources */ = {isa = PBXBuildFile; fileRef = 93AAB2701BCC61BE00337E6C /* FriendshipTableViewCell.swift */; };
		93AAB2731BCC64F400337E6C /* FriendshipTableViewCell.xib in Resources */ = {isa = PBXBuildFile; fileRef = 93AAB2721BCC64F400337E6C /* FriendshipTableViewCell.xib */; };
		93BD87071CC8319400ADE9FC /* ProfileViewController.swift in Sources */ = {isa = PBXBuildFile; fileRef = 93BD87061CC8319400ADE9FC /* ProfileViewController.swift */; };
		D9E25BC5232BF1760071C6E7 /* Pods.framework in Frameworks */ = {isa = PBXBuildFile; fileRef = 4E08E400E6E2449E949F4484 /* Pods.framework */; };
		DA2311951C051BF700279AC7 /* EdgeNode.swift in Sources */ = {isa = PBXBuildFile; fileRef = DA2311941C051BF700279AC7 /* EdgeNode.swift */; };
		DA2311991C05324400279AC7 /* CircleNode.swift in Sources */ = {isa = PBXBuildFile; fileRef = DA2311981C05324400279AC7 /* CircleNode.swift */; };
		DAA177591D06556C003AFB41 /* friendship.json in Resources */ = {isa = PBXBuildFile; fileRef = DAA177581D06556C003AFB41 /* friendship.json */; };
		DAA79F9E1CC88568002EFCA8 /* Friendship.swift in Sources */ = {isa = PBXBuildFile; fileRef = DAA79F9D1CC88568002EFCA8 /* Friendship.swift */; };
		DAA79FA01CC92542002EFCA8 /* RootCoordinator.swift in Sources */ = {isa = PBXBuildFile; fileRef = DAA79F9F1CC92542002EFCA8 /* RootCoordinator.swift */; };
		DAA79FA21CC92AED002EFCA8 /* ProfileViewController.xib in Resources */ = {isa = PBXBuildFile; fileRef = DAA79FA11CC92AED002EFCA8 /* ProfileViewController.xib */; };
		DAA79FA41CC93688002EFCA8 /* DataManager.swift in Sources */ = {isa = PBXBuildFile; fileRef = DAA79FA31CC93688002EFCA8 /* DataManager.swift */; };
		DAA980D01C0636D200A68DDB /* ATEdge.m in Sources */ = {isa = PBXBuildFile; fileRef = DAA980B11C0636D200A68DDB /* ATEdge.m */; };
		DAA980D11C0636D200A68DDB /* ATNode.m in Sources */ = {isa = PBXBuildFile; fileRef = DAA980B31C0636D200A68DDB /* ATNode.m */; };
		DAA980D21C0636D200A68DDB /* ATBarnesHutBranch.m in Sources */ = {isa = PBXBuildFile; fileRef = DAA980B61C0636D200A68DDB /* ATBarnesHutBranch.m */; };
		DAA980D31C0636D200A68DDB /* ATBarnesHutTree.m in Sources */ = {isa = PBXBuildFile; fileRef = DAA980B81C0636D200A68DDB /* ATBarnesHutTree.m */; };
		DAA980D41C0636D200A68DDB /* ATKernel.m in Sources */ = {isa = PBXBuildFile; fileRef = DAA980BB1C0636D200A68DDB /* ATKernel.m */; };
		DAA980D51C0636D200A68DDB /* ATEnergy.m in Sources */ = {isa = PBXBuildFile; fileRef = DAA980BE1C0636D200A68DDB /* ATEnergy.m */; };
		DAA980D61C0636D200A68DDB /* ATParticle.m in Sources */ = {isa = PBXBuildFile; fileRef = DAA980C01C0636D200A68DDB /* ATParticle.m */; };
		DAA980D71C0636D200A68DDB /* ATPhysics.m in Sources */ = {isa = PBXBuildFile; fileRef = DAA980C21C0636D200A68DDB /* ATPhysics.m */; };
		DAA980D81C0636D200A68DDB /* ATSpring.m in Sources */ = {isa = PBXBuildFile; fileRef = DAA980C41C0636D200A68DDB /* ATSpring.m */; };
		DAA980D91C0636D200A68DDB /* ATSystem.m in Sources */ = {isa = PBXBuildFile; fileRef = DAA980CA1C0636D200A68DDB /* ATSystem.m */; };
		DAA980DA1C0636D200A68DDB /* ATSystemParams.m in Sources */ = {isa = PBXBuildFile; fileRef = DAA980CC1C0636D200A68DDB /* ATSystemParams.m */; };
		DAA980DB1C0636D200A68DDB /* ATSystemState.m in Sources */ = {isa = PBXBuildFile; fileRef = DAA980CF1C0636D200A68DDB /* ATSystemState.m */; };
		DAA980DD1C0636F700A68DDB /* GraphViewControllerArbor.swift in Sources */ = {isa = PBXBuildFile; fileRef = DAA980DC1C0636F700A68DDB /* GraphViewControllerArbor.swift */; };
		DAA980E11C06393400A68DDB /* AtlasCanvasView.m in Sources */ = {isa = PBXBuildFile; fileRef = DAA980E01C06393400A68DDB /* AtlasCanvasView.m */; };
/* End PBXBuildFile section */

/* Begin PBXFileReference section */
		4E08E400E6E2449E949F4484 /* Pods.framework */ = {isa = PBXFileReference; explicitFileType = wrapper.framework; includeInIndex = 0; path = Pods.framework; sourceTree = BUILT_PRODUCTS_DIR; };
		931C5BC81BCCA56C00746712 /* friendship-spreadsheet.json */ = {isa = PBXFileReference; fileEncoding = 4; lastKnownFileType = text.json; path = "friendship-spreadsheet.json"; sourceTree = "<group>"; };
		93449D8A1BE995C400081F5E /* ListViewController.swift */ = {isa = PBXFileReference; fileEncoding = 4; lastKnownFileType = sourcecode.swift; path = ListViewController.swift; sourceTree = "<group>"; };
		93449D8C1BE995EE00081F5E /* GraphViewController.swift */ = {isa = PBXFileReference; fileEncoding = 4; lastKnownFileType = sourcecode.swift; path = GraphViewController.swift; sourceTree = "<group>"; };
		93449D8E1BE9971600081F5E /* GraphScene.sks */ = {isa = PBXFileReference; lastKnownFileType = file.sks; path = GraphScene.sks; sourceTree = "<group>"; };
		93449D901BE997EE00081F5E /* GraphScene.swift */ = {isa = PBXFileReference; fileEncoding = 4; lastKnownFileType = sourcecode.swift; path = GraphScene.swift; sourceTree = "<group>"; };
		93AAB2591BCC532E00337E6C /* Origins.app */ = {isa = PBXFileReference; explicitFileType = wrapper.application; includeInIndex = 0; path = Origins.app; sourceTree = BUILT_PRODUCTS_DIR; };
		93AAB25C1BCC532E00337E6C /* AppDelegate.swift */ = {isa = PBXFileReference; lastKnownFileType = sourcecode.swift; path = AppDelegate.swift; sourceTree = "<group>"; };
		93AAB2611BCC532E00337E6C /* Base */ = {isa = PBXFileReference; lastKnownFileType = file.storyboard; name = Base; path = Base.lproj/Main.storyboard; sourceTree = "<group>"; };
		93AAB2631BCC532E00337E6C /* Assets.xcassets */ = {isa = PBXFileReference; lastKnownFileType = folder.assetcatalog; path = Assets.xcassets; sourceTree = "<group>"; };
		93AAB2661BCC532E00337E6C /* Base */ = {isa = PBXFileReference; lastKnownFileType = file.storyboard; name = Base; path = Base.lproj/LaunchScreen.storyboard; sourceTree = "<group>"; };
		93AAB2681BCC532E00337E6C /* Info.plist */ = {isa = PBXFileReference; lastKnownFileType = text.plist.xml; path = Info.plist; sourceTree = "<group>"; };
		93AAB2701BCC61BE00337E6C /* FriendshipTableViewCell.swift */ = {isa = PBXFileReference; fileEncoding = 4; lastKnownFileType = sourcecode.swift; path = FriendshipTableViewCell.swift; sourceTree = "<group>"; };
		93AAB2721BCC64F400337E6C /* FriendshipTableViewCell.xib */ = {isa = PBXFileReference; fileEncoding = 4; lastKnownFileType = file.xib; path = FriendshipTableViewCell.xib; sourceTree = "<group>"; };
		93BD87061CC8319400ADE9FC /* ProfileViewController.swift */ = {isa = PBXFileReference; fileEncoding = 4; lastKnownFileType = sourcecode.swift; path = ProfileViewController.swift; sourceTree = "<group>"; };
		C353476BBA107714A4E021B4 /* Pods.release.xcconfig */ = {isa = PBXFileReference; includeInIndex = 1; lastKnownFileType = text.xcconfig; name = Pods.release.xcconfig; path = "Pods/Target Support Files/Pods/Pods.release.xcconfig"; sourceTree = "<group>"; };
		CBBD1E402982C6E6C3EFADAA /* Pods.debug.xcconfig */ = {isa = PBXFileReference; includeInIndex = 1; lastKnownFileType = text.xcconfig; name = Pods.debug.xcconfig; path = "Pods/Target Support Files/Pods/Pods.debug.xcconfig"; sourceTree = "<group>"; };
		DA2311941C051BF700279AC7 /* EdgeNode.swift */ = {isa = PBXFileReference; fileEncoding = 4; lastKnownFileType = sourcecode.swift; name = EdgeNode.swift; path = Graph/EdgeNode.swift; sourceTree = "<group>"; };
		DA2311981C05324400279AC7 /* CircleNode.swift */ = {isa = PBXFileReference; fileEncoding = 4; lastKnownFileType = sourcecode.swift; name = CircleNode.swift; path = Graph/CircleNode.swift; sourceTree = "<group>"; };
		DAA177581D06556C003AFB41 /* friendship.json */ = {isa = PBXFileReference; fileEncoding = 4; lastKnownFileType = text.json; path = friendship.json; sourceTree = "<group>"; };
		DAA79F9D1CC88568002EFCA8 /* Friendship.swift */ = {isa = PBXFileReference; fileEncoding = 4; lastKnownFileType = sourcecode.swift; path = Friendship.swift; sourceTree = "<group>"; };
		DAA79F9F1CC92542002EFCA8 /* RootCoordinator.swift */ = {isa = PBXFileReference; fileEncoding = 4; lastKnownFileType = sourcecode.swift; path = RootCoordinator.swift; sourceTree = "<group>"; };
		DAA79FA11CC92AED002EFCA8 /* ProfileViewController.xib */ = {isa = PBXFileReference; fileEncoding = 4; lastKnownFileType = file.xib; path = ProfileViewController.xib; sourceTree = "<group>"; };
		DAA79FA31CC93688002EFCA8 /* DataManager.swift */ = {isa = PBXFileReference; fileEncoding = 4; lastKnownFileType = sourcecode.swift; path = DataManager.swift; sourceTree = "<group>"; };
		DAA980B01C0636D200A68DDB /* ATEdge.h */ = {isa = PBXFileReference; fileEncoding = 4; lastKnownFileType = sourcecode.c.h; path = ATEdge.h; sourceTree = "<group>"; };
		DAA980B11C0636D200A68DDB /* ATEdge.m */ = {isa = PBXFileReference; fileEncoding = 4; lastKnownFileType = sourcecode.c.objc; path = ATEdge.m; sourceTree = "<group>"; };
		DAA980B21C0636D200A68DDB /* ATNode.h */ = {isa = PBXFileReference; fileEncoding = 4; lastKnownFileType = sourcecode.c.h; path = ATNode.h; sourceTree = "<group>"; };
		DAA980B31C0636D200A68DDB /* ATNode.m */ = {isa = PBXFileReference; fileEncoding = 4; lastKnownFileType = sourcecode.c.objc; path = ATNode.m; sourceTree = "<group>"; };
		DAA980B51C0636D200A68DDB /* ATBarnesHutBranch.h */ = {isa = PBXFileReference; fileEncoding = 4; lastKnownFileType = sourcecode.c.h; path = ATBarnesHutBranch.h; sourceTree = "<group>"; };
		DAA980B61C0636D200A68DDB /* ATBarnesHutBranch.m */ = {isa = PBXFileReference; fileEncoding = 4; lastKnownFileType = sourcecode.c.objc; path = ATBarnesHutBranch.m; sourceTree = "<group>"; };
		DAA980B71C0636D200A68DDB /* ATBarnesHutTree.h */ = {isa = PBXFileReference; fileEncoding = 4; lastKnownFileType = sourcecode.c.h; path = ATBarnesHutTree.h; sourceTree = "<group>"; };
		DAA980B81C0636D200A68DDB /* ATBarnesHutTree.m */ = {isa = PBXFileReference; fileEncoding = 4; lastKnownFileType = sourcecode.c.objc; path = ATBarnesHutTree.m; sourceTree = "<group>"; };
		DAA980BA1C0636D200A68DDB /* ATKernel.h */ = {isa = PBXFileReference; fileEncoding = 4; lastKnownFileType = sourcecode.c.h; path = ATKernel.h; sourceTree = "<group>"; };
		DAA980BB1C0636D200A68DDB /* ATKernel.m */ = {isa = PBXFileReference; fileEncoding = 4; lastKnownFileType = sourcecode.c.objc; path = ATKernel.m; sourceTree = "<group>"; };
		DAA980BD1C0636D200A68DDB /* ATEnergy.h */ = {isa = PBXFileReference; fileEncoding = 4; lastKnownFileType = sourcecode.c.h; path = ATEnergy.h; sourceTree = "<group>"; };
		DAA980BE1C0636D200A68DDB /* ATEnergy.m */ = {isa = PBXFileReference; fileEncoding = 4; lastKnownFileType = sourcecode.c.objc; path = ATEnergy.m; sourceTree = "<group>"; };
		DAA980BF1C0636D200A68DDB /* ATParticle.h */ = {isa = PBXFileReference; fileEncoding = 4; lastKnownFileType = sourcecode.c.h; path = ATParticle.h; sourceTree = "<group>"; };
		DAA980C01C0636D200A68DDB /* ATParticle.m */ = {isa = PBXFileReference; fileEncoding = 4; lastKnownFileType = sourcecode.c.objc; path = ATParticle.m; sourceTree = "<group>"; };
		DAA980C11C0636D200A68DDB /* ATPhysics.h */ = {isa = PBXFileReference; fileEncoding = 4; lastKnownFileType = sourcecode.c.h; path = ATPhysics.h; sourceTree = "<group>"; };
		DAA980C21C0636D200A68DDB /* ATPhysics.m */ = {isa = PBXFileReference; fileEncoding = 4; lastKnownFileType = sourcecode.c.objc; path = ATPhysics.m; sourceTree = "<group>"; };
		DAA980C31C0636D200A68DDB /* ATSpring.h */ = {isa = PBXFileReference; fileEncoding = 4; lastKnownFileType = sourcecode.c.h; path = ATSpring.h; sourceTree = "<group>"; };
		DAA980C41C0636D200A68DDB /* ATSpring.m */ = {isa = PBXFileReference; fileEncoding = 4; lastKnownFileType = sourcecode.c.objc; path = ATSpring.m; sourceTree = "<group>"; };
		DAA980C51C0636D200A68DDB /* PSArborTouch.h */ = {isa = PBXFileReference; fileEncoding = 4; lastKnownFileType = sourcecode.c.h; path = PSArborTouch.h; sourceTree = "<group>"; };
		DAA980C71C0636D200A68DDB /* ATGeometry.h */ = {isa = PBXFileReference; fileEncoding = 4; lastKnownFileType = sourcecode.c.h; path = ATGeometry.h; sourceTree = "<group>"; };
		DAA980C91C0636D200A68DDB /* ATSystem.h */ = {isa = PBXFileReference; fileEncoding = 4; lastKnownFileType = sourcecode.c.h; path = ATSystem.h; sourceTree = "<group>"; };
		DAA980CA1C0636D200A68DDB /* ATSystem.m */ = {isa = PBXFileReference; fileEncoding = 4; lastKnownFileType = sourcecode.c.objc; path = ATSystem.m; sourceTree = "<group>"; };
		DAA980CB1C0636D200A68DDB /* ATSystemParams.h */ = {isa = PBXFileReference; fileEncoding = 4; lastKnownFileType = sourcecode.c.h; path = ATSystemParams.h; sourceTree = "<group>"; };
		DAA980CC1C0636D200A68DDB /* ATSystemParams.m */ = {isa = PBXFileReference; fileEncoding = 4; lastKnownFileType = sourcecode.c.objc; path = ATSystemParams.m; sourceTree = "<group>"; };
		DAA980CD1C0636D200A68DDB /* ATSystemRenderer.h */ = {isa = PBXFileReference; fileEncoding = 4; lastKnownFileType = sourcecode.c.h; path = ATSystemRenderer.h; sourceTree = "<group>"; };
		DAA980CE1C0636D200A68DDB /* ATSystemState.h */ = {isa = PBXFileReference; fileEncoding = 4; lastKnownFileType = sourcecode.c.h; path = ATSystemState.h; sourceTree = "<group>"; };
		DAA980CF1C0636D200A68DDB /* ATSystemState.m */ = {isa = PBXFileReference; fileEncoding = 4; lastKnownFileType = sourcecode.c.objc; path = ATSystemState.m; sourceTree = "<group>"; };
		DAA980DC1C0636F700A68DDB /* GraphViewControllerArbor.swift */ = {isa = PBXFileReference; fileEncoding = 4; lastKnownFileType = sourcecode.swift; path = GraphViewControllerArbor.swift; sourceTree = "<group>"; };
		DAA980DF1C06393400A68DDB /* AtlasCanvasView.h */ = {isa = PBXFileReference; fileEncoding = 4; lastKnownFileType = sourcecode.c.h; path = AtlasCanvasView.h; sourceTree = "<group>"; };
		DAA980E01C06393400A68DDB /* AtlasCanvasView.m */ = {isa = PBXFileReference; fileEncoding = 4; lastKnownFileType = sourcecode.c.objc; path = AtlasCanvasView.m; sourceTree = "<group>"; };
		DAA980E31C063A3600A68DDB /* Origins-Bridging-Header.h */ = {isa = PBXFileReference; lastKnownFileType = sourcecode.c.h; path = "Origins-Bridging-Header.h"; sourceTree = "<group>"; };
/* End PBXFileReference section */

/* Begin PBXFrameworksBuildPhase section */
		93AAB2561BCC532E00337E6C /* Frameworks */ = {
			isa = PBXFrameworksBuildPhase;
			buildActionMask = 2147483647;
			files = (
				D9E25BC5232BF1760071C6E7 /* Pods.framework in Frameworks */,
			);
			runOnlyForDeploymentPostprocessing = 0;
		};
/* End PBXFrameworksBuildPhase section */

/* Begin PBXGroup section */
		619DE2D201246714E0D29C98 /* Frameworks */ = {
			isa = PBXGroup;
			children = (
				DAA980AE1C0636D200A68DDB /* PSArborTouch */,
				4E08E400E6E2449E949F4484 /* Pods.framework */,
			);
			name = Frameworks;
			sourceTree = "<group>";
		};
		93449D851BE9767700081F5E /* Resources */ = {
			isa = PBXGroup;
			children = (
				DAA980E31C063A3600A68DDB /* Origins-Bridging-Header.h */,
				93AAB2631BCC532E00337E6C /* Assets.xcassets */,
				DAA177581D06556C003AFB41 /* friendship.json */,
				931C5BC81BCCA56C00746712 /* friendship-spreadsheet.json */,
				93AAB2681BCC532E00337E6C /* Info.plist */,
			);
			name = Resources;
			sourceTree = "<group>";
		};
		93449D861BE9768300081F5E /* Views */ = {
			isa = PBXGroup;
			children = (
				93AAB2701BCC61BE00337E6C /* FriendshipTableViewCell.swift */,
				93AAB2721BCC64F400337E6C /* FriendshipTableViewCell.xib */,
			);
			name = Views;
			sourceTree = "<group>";
		};
		93449D871BE9768F00081F5E /* Controllers */ = {
			isa = PBXGroup;
			children = (
				93AAB2601BCC532E00337E6C /* Main.storyboard */,
				93449D8C1BE995EE00081F5E /* GraphViewController.swift */,
				DAA980DC1C0636F700A68DDB /* GraphViewControllerArbor.swift */,
				93449D8A1BE995C400081F5E /* ListViewController.swift */,
				93BD87061CC8319400ADE9FC /* ProfileViewController.swift */,
				DAA79F9D1CC88568002EFCA8 /* Friendship.swift */,
			);
			name = Controllers;
			sourceTree = "<group>";
		};
		93AAB2501BCC532E00337E6C = {
			isa = PBXGroup;
			children = (
				93AAB25B1BCC532E00337E6C /* Origins */,
				93AAB25A1BCC532E00337E6C /* Products */,
				F986A3042CDC3617497134AC /* Pods */,
				619DE2D201246714E0D29C98 /* Frameworks */,
			);
			sourceTree = "<group>";
		};
		93AAB25A1BCC532E00337E6C /* Products */ = {
			isa = PBXGroup;
			children = (
				93AAB2591BCC532E00337E6C /* Origins.app */,
			);
			name = Products;
			sourceTree = "<group>";
		};
		93AAB25B1BCC532E00337E6C /* Origins */ = {
			isa = PBXGroup;
			children = (
				DAA79FA31CC93688002EFCA8 /* DataManager.swift */,
				DAA79F9F1CC92542002EFCA8 /* RootCoordinator.swift */,
				DAA79FA11CC92AED002EFCA8 /* ProfileViewController.xib */,
				DA2311971C051C0900279AC7 /* Graph */,
				93AAB25C1BCC532E00337E6C /* AppDelegate.swift */,
				93449D871BE9768F00081F5E /* Controllers */,
				93AAB2651BCC532E00337E6C /* LaunchScreen.storyboard */,
				93449D8E1BE9971600081F5E /* GraphScene.sks */,
				93449D901BE997EE00081F5E /* GraphScene.swift */,
				93449D851BE9767700081F5E /* Resources */,
				93449D861BE9768300081F5E /* Views */,
			);
			path = Origins;
			sourceTree = "<group>";
		};
		DA2311971C051C0900279AC7 /* Graph */ = {
			isa = PBXGroup;
			children = (
				DA2311941C051BF700279AC7 /* EdgeNode.swift */,
				DA2311981C05324400279AC7 /* CircleNode.swift */,
			);
			name = Graph;
			sourceTree = "<group>";
		};
		DAA980AE1C0636D200A68DDB /* PSArborTouch */ = {
			isa = PBXGroup;
			children = (
				DAA980DE1C06391400A68DDB /* Controllers */,
				DAA980AF1C0636D200A68DDB /* Atoms */,
				DAA980B41C0636D200A68DDB /* Barnes-Hut */,
				DAA980B91C0636D200A68DDB /* Kernel */,
				DAA980BC1C0636D200A68DDB /* Physics */,
				DAA980C51C0636D200A68DDB /* PSArborTouch.h */,
				DAA980C61C0636D200A68DDB /* Support */,
				DAA980C81C0636D200A68DDB /* System */,
			);
			path = PSArborTouch;
			sourceTree = "<group>";
		};
		DAA980AF1C0636D200A68DDB /* Atoms */ = {
			isa = PBXGroup;
			children = (
				DAA980B01C0636D200A68DDB /* ATEdge.h */,
				DAA980B11C0636D200A68DDB /* ATEdge.m */,
				DAA980B21C0636D200A68DDB /* ATNode.h */,
				DAA980B31C0636D200A68DDB /* ATNode.m */,
			);
			path = Atoms;
			sourceTree = "<group>";
		};
		DAA980B41C0636D200A68DDB /* Barnes-Hut */ = {
			isa = PBXGroup;
			children = (
				DAA980B51C0636D200A68DDB /* ATBarnesHutBranch.h */,
				DAA980B61C0636D200A68DDB /* ATBarnesHutBranch.m */,
				DAA980B71C0636D200A68DDB /* ATBarnesHutTree.h */,
				DAA980B81C0636D200A68DDB /* ATBarnesHutTree.m */,
			);
			path = "Barnes-Hut";
			sourceTree = "<group>";
		};
		DAA980B91C0636D200A68DDB /* Kernel */ = {
			isa = PBXGroup;
			children = (
				DAA980BA1C0636D200A68DDB /* ATKernel.h */,
				DAA980BB1C0636D200A68DDB /* ATKernel.m */,
			);
			path = Kernel;
			sourceTree = "<group>";
		};
		DAA980BC1C0636D200A68DDB /* Physics */ = {
			isa = PBXGroup;
			children = (
				DAA980BD1C0636D200A68DDB /* ATEnergy.h */,
				DAA980BE1C0636D200A68DDB /* ATEnergy.m */,
				DAA980BF1C0636D200A68DDB /* ATParticle.h */,
				DAA980C01C0636D200A68DDB /* ATParticle.m */,
				DAA980C11C0636D200A68DDB /* ATPhysics.h */,
				DAA980C21C0636D200A68DDB /* ATPhysics.m */,
				DAA980C31C0636D200A68DDB /* ATSpring.h */,
				DAA980C41C0636D200A68DDB /* ATSpring.m */,
			);
			path = Physics;
			sourceTree = "<group>";
		};
		DAA980C61C0636D200A68DDB /* Support */ = {
			isa = PBXGroup;
			children = (
				DAA980C71C0636D200A68DDB /* ATGeometry.h */,
			);
			path = Support;
			sourceTree = "<group>";
		};
		DAA980C81C0636D200A68DDB /* System */ = {
			isa = PBXGroup;
			children = (
				DAA980C91C0636D200A68DDB /* ATSystem.h */,
				DAA980CA1C0636D200A68DDB /* ATSystem.m */,
				DAA980CB1C0636D200A68DDB /* ATSystemParams.h */,
				DAA980CC1C0636D200A68DDB /* ATSystemParams.m */,
				DAA980CD1C0636D200A68DDB /* ATSystemRenderer.h */,
				DAA980CE1C0636D200A68DDB /* ATSystemState.h */,
				DAA980CF1C0636D200A68DDB /* ATSystemState.m */,
			);
			path = System;
			sourceTree = "<group>";
		};
		DAA980DE1C06391400A68DDB /* Controllers */ = {
			isa = PBXGroup;
			children = (
				DAA980DF1C06393400A68DDB /* AtlasCanvasView.h */,
				DAA980E01C06393400A68DDB /* AtlasCanvasView.m */,
			);
			name = Controllers;
			sourceTree = "<group>";
		};
		F986A3042CDC3617497134AC /* Pods */ = {
			isa = PBXGroup;
			children = (
				CBBD1E402982C6E6C3EFADAA /* Pods.debug.xcconfig */,
				C353476BBA107714A4E021B4 /* Pods.release.xcconfig */,
			);
			name = Pods;
			sourceTree = "<group>";
		};
/* End PBXGroup section */

/* Begin PBXNativeTarget section */
		93AAB2581BCC532E00337E6C /* Origins */ = {
			isa = PBXNativeTarget;
			buildConfigurationList = 93AAB26B1BCC532E00337E6C /* Build configuration list for PBXNativeTarget "Origins" */;
			buildPhases = (
				59FDB95A96BE0AC94A7AEA41 /* Check Pods Manifest.lock */,
				93AAB2551BCC532E00337E6C /* Sources */,
				93AAB2561BCC532E00337E6C /* Frameworks */,
				93AAB2571BCC532E00337E6C /* Resources */,
				E158BE7AD88DC14EAA9D7CB9 /* Embed Pods Frameworks */,
				71B78016771833AB8CA49779 /* Copy Pods Resources */,
			);
			buildRules = (
			);
			dependencies = (
			);
			name = Origins;
			productName = Origins;
			productReference = 93AAB2591BCC532E00337E6C /* Origins.app */;
			productType = "com.apple.product-type.application";
		};
/* End PBXNativeTarget section */

/* Begin PBXProject section */
		93AAB2511BCC532E00337E6C /* Project object */ = {
			isa = PBXProject;
			attributes = {
				LastSwiftUpdateCheck = 0710;
				LastUpgradeCheck = 0700;
				ORGANIZATIONNAME = Rohan;
				TargetAttributes = {
					93AAB2581BCC532E00337E6C = {
						CreatedOnToolsVersion = 7.0;
					};
				};
			};
			buildConfigurationList = 93AAB2541BCC532E00337E6C /* Build configuration list for PBXProject "Origins" */;
			compatibilityVersion = "Xcode 3.2";
			developmentRegion = English;
			hasScannedForEncodings = 0;
			knownRegions = (
				en,
				Base,
			);
			mainGroup = 93AAB2501BCC532E00337E6C;
			productRefGroup = 93AAB25A1BCC532E00337E6C /* Products */;
			projectDirPath = "";
			projectRoot = "";
			targets = (
				93AAB2581BCC532E00337E6C /* Origins */,
			);
		};
/* End PBXProject section */

/* Begin PBXResourcesBuildPhase section */
		93AAB2571BCC532E00337E6C /* Resources */ = {
			isa = PBXResourcesBuildPhase;
			buildActionMask = 2147483647;
			files = (
				93AAB2671BCC532E00337E6C /* LaunchScreen.storyboard in Resources */,
				93AAB2641BCC532E00337E6C /* Assets.xcassets in Resources */,
				DAA177591D06556C003AFB41 /* friendship.json in Resources */,
				DAA79FA21CC92AED002EFCA8 /* ProfileViewController.xib in Resources */,
				93AAB2621BCC532E00337E6C /* Main.storyboard in Resources */,
				93AAB2731BCC64F400337E6C /* FriendshipTableViewCell.xib in Resources */,
				931C5BC91BCCA56C00746712 /* friendship-spreadsheet.json in Resources */,
				93449D8F1BE9971600081F5E /* GraphScene.sks in Resources */,
			);
			runOnlyForDeploymentPostprocessing = 0;
		};
/* End PBXResourcesBuildPhase section */

/* Begin PBXShellScriptBuildPhase section */
		59FDB95A96BE0AC94A7AEA41 /* Check Pods Manifest.lock */ = {
			isa = PBXShellScriptBuildPhase;
			buildActionMask = 2147483647;
			files = (
			);
			inputPaths = (
			);
			name = "Check Pods Manifest.lock";
			outputPaths = (
			);
			runOnlyForDeploymentPostprocessing = 0;
			shellPath = /bin/sh;
			shellScript = "diff \"${PODS_ROOT}/../Podfile.lock\" \"${PODS_ROOT}/Manifest.lock\" > /dev/null\nif [[ $? != 0 ]] ; then\n    cat << EOM\nerror: The sandbox is not in sync with the Podfile.lock. Run 'pod install' or update your CocoaPods installation.\nEOM\n    exit 1\nfi\n";
			showEnvVarsInLog = 0;
		};
		71B78016771833AB8CA49779 /* Copy Pods Resources */ = {
			isa = PBXShellScriptBuildPhase;
			buildActionMask = 2147483647;
			files = (
			);
			inputPaths = (
			);
			name = "Copy Pods Resources";
			outputPaths = (
			);
			runOnlyForDeploymentPostprocessing = 0;
			shellPath = /bin/sh;
			shellScript = "\"${SRCROOT}/Pods/Target Support Files/Pods/Pods-resources.sh\"\n";
			showEnvVarsInLog = 0;
		};
		E158BE7AD88DC14EAA9D7CB9 /* Embed Pods Frameworks */ = {
			isa = PBXShellScriptBuildPhase;
			buildActionMask = 2147483647;
			files = (
			);
			inputPaths = (
			);
			name = "Embed Pods Frameworks";
			outputPaths = (
			);
			runOnlyForDeploymentPostprocessing = 0;
			shellPath = /bin/sh;
			shellScript = "\"${SRCROOT}/Pods/Target Support Files/Pods/Pods-frameworks.sh\"\n";
			showEnvVarsInLog = 0;
		};
/* End PBXShellScriptBuildPhase section */

/* Begin PBXSourcesBuildPhase section */
		93AAB2551BCC532E00337E6C /* Sources */ = {
			isa = PBXSourcesBuildPhase;
			buildActionMask = 2147483647;
			files = (
				DAA980E11C06393400A68DDB /* AtlasCanvasView.m in Sources */,
				DA2311951C051BF700279AC7 /* EdgeNode.swift in Sources */,
				93AAB25D1BCC532E00337E6C /* AppDelegate.swift in Sources */,
				DAA980D61C0636D200A68DDB /* ATParticle.m in Sources */,
				DAA980D31C0636D200A68DDB /* ATBarnesHutTree.m in Sources */,
				DAA980DD1C0636F700A68DDB /* GraphViewControllerArbor.swift in Sources */,
				93BD87071CC8319400ADE9FC /* ProfileViewController.swift in Sources */,
				93449D8D1BE995EE00081F5E /* GraphViewController.swift in Sources */,
				DAA980D21C0636D200A68DDB /* ATBarnesHutBranch.m in Sources */,
				DAA980D51C0636D200A68DDB /* ATEnergy.m in Sources */,
				93449D8B1BE995C400081F5E /* ListViewController.swift in Sources */,
				93449D911BE997EE00081F5E /* GraphScene.swift in Sources */,
				DAA980D41C0636D200A68DDB /* ATKernel.m in Sources */,
				DAA79F9E1CC88568002EFCA8 /* Friendship.swift in Sources */,
				DAA980D01C0636D200A68DDB /* ATEdge.m in Sources */,
				DAA980DB1C0636D200A68DDB /* ATSystemState.m in Sources */,
				DAA79FA01CC92542002EFCA8 /* RootCoordinator.swift in Sources */,
				DAA980D91C0636D200A68DDB /* ATSystem.m in Sources */,
				DA2311991C05324400279AC7 /* CircleNode.swift in Sources */,
				DAA980DA1C0636D200A68DDB /* ATSystemParams.m in Sources */,
				DAA980D71C0636D200A68DDB /* ATPhysics.m in Sources */,
				DAA79FA41CC93688002EFCA8 /* DataManager.swift in Sources */,
				DAA980D81C0636D200A68DDB /* ATSpring.m in Sources */,
				DAA980D11C0636D200A68DDB /* ATNode.m in Sources */,
				93AAB2711BCC61BE00337E6C /* FriendshipTableViewCell.swift in Sources */,
			);
			runOnlyForDeploymentPostprocessing = 0;
		};
/* End PBXSourcesBuildPhase section */

/* Begin PBXVariantGroup section */
		93AAB2601BCC532E00337E6C /* Main.storyboard */ = {
			isa = PBXVariantGroup;
			children = (
				93AAB2611BCC532E00337E6C /* Base */,
			);
			name = Main.storyboard;
			sourceTree = "<group>";
		};
		93AAB2651BCC532E00337E6C /* LaunchScreen.storyboard */ = {
			isa = PBXVariantGroup;
			children = (
				93AAB2661BCC532E00337E6C /* Base */,
			);
			name = LaunchScreen.storyboard;
			sourceTree = "<group>";
		};
/* End PBXVariantGroup section */

/* Begin XCBuildConfiguration section */
		93AAB2691BCC532E00337E6C /* Debug */ = {
			isa = XCBuildConfiguration;
			buildSettings = {
				ALWAYS_SEARCH_USER_PATHS = NO;
				CLANG_CXX_LANGUAGE_STANDARD = "gnu++0x";
				CLANG_CXX_LIBRARY = "libc++";
				CLANG_ENABLE_MODULES = YES;
				CLANG_ENABLE_OBJC_ARC = YES;
				CLANG_WARN_BOOL_CONVERSION = YES;
				CLANG_WARN_CONSTANT_CONVERSION = YES;
				CLANG_WARN_DIRECT_OBJC_ISA_USAGE = YES_ERROR;
				CLANG_WARN_EMPTY_BODY = YES;
				CLANG_WARN_ENUM_CONVERSION = YES;
				CLANG_WARN_INT_CONVERSION = YES;
				CLANG_WARN_OBJC_ROOT_CLASS = YES_ERROR;
				CLANG_WARN_UNREACHABLE_CODE = YES;
				CLANG_WARN__DUPLICATE_METHOD_MATCH = YES;
				"CODE_SIGN_IDENTITY[sdk=iphoneos*]" = "iPhone Developer";
				COPY_PHASE_STRIP = NO;
				DEBUG_INFORMATION_FORMAT = dwarf;
				ENABLE_STRICT_OBJC_MSGSEND = YES;
				ENABLE_TESTABILITY = YES;
				GCC_C_LANGUAGE_STANDARD = gnu99;
				GCC_DYNAMIC_NO_PIC = NO;
				GCC_NO_COMMON_BLOCKS = YES;
				GCC_OPTIMIZATION_LEVEL = 0;
				GCC_PREPROCESSOR_DEFINITIONS = (
					"DEBUG=1",
					"$(inherited)",
				);
				GCC_WARN_64_TO_32_BIT_CONVERSION = YES;
				GCC_WARN_ABOUT_RETURN_TYPE = YES_ERROR;
				GCC_WARN_UNDECLARED_SELECTOR = YES;
				GCC_WARN_UNINITIALIZED_AUTOS = YES_AGGRESSIVE;
				GCC_WARN_UNUSED_FUNCTION = YES;
				GCC_WARN_UNUSED_VARIABLE = YES;
				IPHONEOS_DEPLOYMENT_TARGET = 9.0;
				MTL_ENABLE_DEBUG_INFO = YES;
				ONLY_ACTIVE_ARCH = YES;
				SDKROOT = iphoneos;
				SWIFT_OPTIMIZATION_LEVEL = "-Onone";
			};
			name = Debug;
		};
		93AAB26A1BCC532E00337E6C /* Release */ = {
			isa = XCBuildConfiguration;
			buildSettings = {
				ALWAYS_SEARCH_USER_PATHS = NO;
				CLANG_CXX_LANGUAGE_STANDARD = "gnu++0x";
				CLANG_CXX_LIBRARY = "libc++";
				CLANG_ENABLE_MODULES = YES;
				CLANG_ENABLE_OBJC_ARC = YES;
				CLANG_WARN_BOOL_CONVERSION = YES;
				CLANG_WARN_CONSTANT_CONVERSION = YES;
				CLANG_WARN_DIRECT_OBJC_ISA_USAGE = YES_ERROR;
				CLANG_WARN_EMPTY_BODY = YES;
				CLANG_WARN_ENUM_CONVERSION = YES;
				CLANG_WARN_INT_CONVERSION = YES;
				CLANG_WARN_OBJC_ROOT_CLASS = YES_ERROR;
				CLANG_WARN_UNREACHABLE_CODE = YES;
				CLANG_WARN__DUPLICATE_METHOD_MATCH = YES;
				"CODE_SIGN_IDENTITY[sdk=iphoneos*]" = "iPhone Developer";
				COPY_PHASE_STRIP = NO;
				DEBUG_INFORMATION_FORMAT = "dwarf-with-dsym";
				ENABLE_NS_ASSERTIONS = NO;
				ENABLE_STRICT_OBJC_MSGSEND = YES;
				GCC_C_LANGUAGE_STANDARD = gnu99;
				GCC_NO_COMMON_BLOCKS = YES;
				GCC_WARN_64_TO_32_BIT_CONVERSION = YES;
				GCC_WARN_ABOUT_RETURN_TYPE = YES_ERROR;
				GCC_WARN_UNDECLARED_SELECTOR = YES;
				GCC_WARN_UNINITIALIZED_AUTOS = YES_AGGRESSIVE;
				GCC_WARN_UNUSED_FUNCTION = YES;
				GCC_WARN_UNUSED_VARIABLE = YES;
				IPHONEOS_DEPLOYMENT_TARGET = 9.0;
				MTL_ENABLE_DEBUG_INFO = NO;
				SDKROOT = iphoneos;
				VALIDATE_PRODUCT = YES;
			};
			name = Release;
		};
		93AAB26C1BCC532E00337E6C /* Debug */ = {
			isa = XCBuildConfiguration;
			baseConfigurationReference = CBBD1E402982C6E6C3EFADAA /* Pods.debug.xcconfig */;
			buildSettings = {
				ASSETCATALOG_COMPILER_APPICON_NAME = AppIcon;
				CLANG_ENABLE_MODULES = YES;
				INFOPLIST_FILE = Origins/Info.plist;
				LD_RUNPATH_SEARCH_PATHS = "$(inherited) @executable_path/Frameworks";
				PRODUCT_BUNDLE_IDENTIFIER = RD.Origins;
				PRODUCT_NAME = "$(TARGET_NAME)";
				SWIFT_OBJC_BRIDGING_HEADER = "Origins/Origins-Bridging-Header.h";
				SWIFT_OPTIMIZATION_LEVEL = "-Onone";
			};
			name = Debug;
		};
		93AAB26D1BCC532E00337E6C /* Release */ = {
			isa = XCBuildConfiguration;
			baseConfigurationReference = C353476BBA107714A4E021B4 /* Pods.release.xcconfig */;
			buildSettings = {
				ASSETCATALOG_COMPILER_APPICON_NAME = AppIcon;
				CLANG_ENABLE_MODULES = YES;
				INFOPLIST_FILE = Origins/Info.plist;
				LD_RUNPATH_SEARCH_PATHS = "$(inherited) @executable_path/Frameworks";
				PRODUCT_BUNDLE_IDENTIFIER = RD.Origins;
				PRODUCT_NAME = "$(TARGET_NAME)";
				SWIFT_OBJC_BRIDGING_HEADER = "Origins/Origins-Bridging-Header.h";
			};
			name = Release;
		};
/* End XCBuildConfiguration section */

/* Begin XCConfigurationList section */
		93AAB2541BCC532E00337E6C /* Build configuration list for PBXProject "Origins" */ = {
			isa = XCConfigurationList;
			buildConfigurations = (
				93AAB2691BCC532E00337E6C /* Debug */,
				93AAB26A1BCC532E00337E6C /* Release */,
			);
			defaultConfigurationIsVisible = 0;
			defaultConfigurationName = Release;
		};
		93AAB26B1BCC532E00337E6C /* Build configuration list for PBXNativeTarget "Origins" */ = {
			isa = XCConfigurationList;
			buildConfigurations = (
				93AAB26C1BCC532E00337E6C /* Debug */,
				93AAB26D1BCC532E00337E6C /* Release */,
			);
			defaultConfigurationIsVisible = 0;
			defaultConfigurationName = Release;
		};
/* End XCConfigurationList section */
	};
	rootObject = 93AAB2511BCC532E00337E6C /* Project object */;
}
